<?xml version="1.0" encoding="utf-8"?>
<Project ToolsVersion="4.0" xmlns="http://schemas.microsoft.com/developer/msbuild/2003">
  <ItemGroup>
    <ClCompile Include="Benchmark.cpp">
      <Filter>src</Filter>
    </ClCompile>
    <ClCompile Include="GenericFunctions.cpp">
      <Filter>src</Filter>
    </ClCompile>
    <ClCompile Include="Trainer.cpp">
      <Filter>src</Filter>
    </ClCompile>
    <ClCompile Include="GradientExample.cpp">
      <Filter>src</Filter>
    </ClCompile>
  </ItemGroup>
  <ItemGroup>
    <ClInclude Include="GenericFunctions.h">
      <Filter>include</Filter>
    </ClInclude>
    <ClInclude Include="Trainer.h">
      <Filter>include</Filter>
    </ClInclude>
    <ClInclude Include="GradientExample.h">
      <Filter>include</Filter>
    </ClInclude>
  </ItemGroup>
  <ItemGroup>
    <Filter Include="src">
      <UniqueIdentifier>{9f6d0124-5954-40a9-b287-c99599f81c5b}</UniqueIdentifier>
    </Filter>
    <Filter Include="include">
      <UniqueIdentifier>{38a881ad-ecbe-4540-8952-df13d819e9a3}</UniqueIdentifier>
    </Filter>
  </ItemGroup>
</Project>